// !$*UTF8*$!
{
	archiveVersion = 1;
	classes = {
	};
	objectVersion = 55;
	objects = {

/* Begin PBXBuildFile section */
		65EB6D88276CFB0B003DF010 /* AppDelegate.swift in Sources */ = {isa = PBXBuildFile; fileRef = 65EB6D87276CFB0B003DF010 /* AppDelegate.swift */; };
		65EB6D8A276CFB0B003DF010 /* SceneDelegate.swift in Sources */ = {isa = PBXBuildFile; fileRef = 65EB6D89276CFB0B003DF010 /* SceneDelegate.swift */; };
		65EB6D8C276CFB0B003DF010 /* OffersViewController.swift in Sources */ = {isa = PBXBuildFile; fileRef = 65EB6D8B276CFB0B003DF010 /* OffersViewController.swift */; };
		65EB6D91276CFB0D003DF010 /* Assets.xcassets in Resources */ = {isa = PBXBuildFile; fileRef = 65EB6D90276CFB0D003DF010 /* Assets.xcassets */; };
		65EB6D94276CFB0D003DF010 /* LaunchScreen.storyboard in Resources */ = {isa = PBXBuildFile; fileRef = 65EB6D92276CFB0D003DF010 /* LaunchScreen.storyboard */; };
		65EB6D9F276CFB0E003DF010 /* TestBilodeauLBCTests.swift in Sources */ = {isa = PBXBuildFile; fileRef = 65EB6D9E276CFB0E003DF010 /* TestBilodeauLBCTests.swift */; };
		65EB6DA9276CFB0E003DF010 /* TestBilodeauLBCUITests.swift in Sources */ = {isa = PBXBuildFile; fileRef = 65EB6DA8276CFB0E003DF010 /* TestBilodeauLBCUITests.swift */; };
		65EB6DAB276CFB0E003DF010 /* TestBilodeauLBCUITestsLaunchTests.swift in Sources */ = {isa = PBXBuildFile; fileRef = 65EB6DAA276CFB0E003DF010 /* TestBilodeauLBCUITestsLaunchTests.swift */; };
		65EB6DC9276D056F003DF010 /* Category.swift in Sources */ = {isa = PBXBuildFile; fileRef = 65EB6DC7276D056F003DF010 /* Category.swift */; };
		65EB6DCA276D056F003DF010 /* Offer.swift in Sources */ = {isa = PBXBuildFile; fileRef = 65EB6DC8276D056F003DF010 /* Offer.swift */; };
		65EB6DCE276D0576003DF010 /* OffersRepository.swift in Sources */ = {isa = PBXBuildFile; fileRef = 65EB6DCC276D0575003DF010 /* OffersRepository.swift */; };
		65EB6DD2276D0C35003DF010 /* ImagesURL.swift in Sources */ = {isa = PBXBuildFile; fileRef = 65EB6DD1276D0C35003DF010 /* ImagesURL.swift */; };
		65EB6DD4276D10C9003DF010 /* APIClient.swift in Sources */ = {isa = PBXBuildFile; fileRef = 65EB6DD3276D10C9003DF010 /* APIClient.swift */; };
		65EB6DD6276D145B003DF010 /* Router.swift in Sources */ = {isa = PBXBuildFile; fileRef = 65EB6DD5276D145B003DF010 /* Router.swift */; };
		65EB6DD8276D16BC003DF010 /* OffersViewModel.swift in Sources */ = {isa = PBXBuildFile; fileRef = 65EB6DD7276D16BC003DF010 /* OffersViewModel.swift */; };
		65EB6DDA276D17EB003DF010 /* Dynamic.swift in Sources */ = {isa = PBXBuildFile; fileRef = 65EB6DD9276D17EB003DF010 /* Dynamic.swift */; };
		65EB6DDC276D1AFA003DF010 /* AppCoordinator.swift in Sources */ = {isa = PBXBuildFile; fileRef = 65EB6DDB276D1AFA003DF010 /* AppCoordinator.swift */; };
		65EB6DDE276D1ED5003DF010 /* OfferDetailsViewController.swift in Sources */ = {isa = PBXBuildFile; fileRef = 65EB6DDD276D1ED5003DF010 /* OfferDetailsViewController.swift */; };
		65EB6DE0276D1EE6003DF010 /* OfferDetailsViewModel.swift in Sources */ = {isa = PBXBuildFile; fileRef = 65EB6DDF276D1EE6003DF010 /* OfferDetailsViewModel.swift */; };
		65EB6DE2276D2515003DF010 /* URLSession+async.swift in Sources */ = {isa = PBXBuildFile; fileRef = 65EB6DE1276D2515003DF010 /* URLSession+async.swift */; };
		65EB6DE42770CF20003DF010 /* CategoriesRepository.swift in Sources */ = {isa = PBXBuildFile; fileRef = 65EB6DE32770CF20003DF010 /* CategoriesRepository.swift */; };
		65EB6DE62770FECE003DF010 /* OffersViewModelTest.swift in Sources */ = {isa = PBXBuildFile; fileRef = 65EB6DE52770FECE003DF010 /* OffersViewModelTest.swift */; };
		65EB6DE82771E560003DF010 /* XCTest+Publisher.swift in Sources */ = {isa = PBXBuildFile; fileRef = 65EB6DE72771E560003DF010 /* XCTest+Publisher.swift */; };
		65EB6DEA277267EE003DF010 /* OfferCell.swift in Sources */ = {isa = PBXBuildFile; fileRef = 65EB6DE9277267ED003DF010 /* OfferCell.swift */; };
		65EB6DEC27726806003DF010 /* OfferCellData.swift in Sources */ = {isa = PBXBuildFile; fileRef = 65EB6DEB27726806003DF010 /* OfferCellData.swift */; };
/* End PBXBuildFile section */

/* Begin PBXContainerItemProxy section */
		65EB6D9B276CFB0E003DF010 /* PBXContainerItemProxy */ = {
			isa = PBXContainerItemProxy;
			containerPortal = 65EB6D7C276CFB0B003DF010 /* Project object */;
			proxyType = 1;
			remoteGlobalIDString = 65EB6D83276CFB0B003DF010;
			remoteInfo = TestBilodeauLBC;
		};
		65EB6DA5276CFB0E003DF010 /* PBXContainerItemProxy */ = {
			isa = PBXContainerItemProxy;
			containerPortal = 65EB6D7C276CFB0B003DF010 /* Project object */;
			proxyType = 1;
			remoteGlobalIDString = 65EB6D83276CFB0B003DF010;
			remoteInfo = TestBilodeauLBC;
		};
/* End PBXContainerItemProxy section */

/* Begin PBXFileReference section */
		65EB6D84276CFB0B003DF010 /* TestBilodeauLBC.app */ = {isa = PBXFileReference; explicitFileType = wrapper.application; includeInIndex = 0; path = TestBilodeauLBC.app; sourceTree = BUILT_PRODUCTS_DIR; };
		65EB6D87276CFB0B003DF010 /* AppDelegate.swift */ = {isa = PBXFileReference; lastKnownFileType = sourcecode.swift; path = AppDelegate.swift; sourceTree = "<group>"; };
		65EB6D89276CFB0B003DF010 /* SceneDelegate.swift */ = {isa = PBXFileReference; lastKnownFileType = sourcecode.swift; path = SceneDelegate.swift; sourceTree = "<group>"; };
		65EB6D8B276CFB0B003DF010 /* OffersViewController.swift */ = {isa = PBXFileReference; lastKnownFileType = sourcecode.swift; path = OffersViewController.swift; sourceTree = "<group>"; };
		65EB6D90276CFB0D003DF010 /* Assets.xcassets */ = {isa = PBXFileReference; lastKnownFileType = folder.assetcatalog; path = Assets.xcassets; sourceTree = "<group>"; };
		65EB6D93276CFB0D003DF010 /* Base */ = {isa = PBXFileReference; lastKnownFileType = file.storyboard; name = Base; path = Base.lproj/LaunchScreen.storyboard; sourceTree = "<group>"; };
		65EB6D95276CFB0D003DF010 /* Info.plist */ = {isa = PBXFileReference; lastKnownFileType = text.plist.xml; path = Info.plist; sourceTree = "<group>"; };
		65EB6D9A276CFB0E003DF010 /* TestBilodeauLBCTests.xctest */ = {isa = PBXFileReference; explicitFileType = wrapper.cfbundle; includeInIndex = 0; path = TestBilodeauLBCTests.xctest; sourceTree = BUILT_PRODUCTS_DIR; };
		65EB6D9E276CFB0E003DF010 /* TestBilodeauLBCTests.swift */ = {isa = PBXFileReference; lastKnownFileType = sourcecode.swift; path = TestBilodeauLBCTests.swift; sourceTree = "<group>"; };
		65EB6DA4276CFB0E003DF010 /* TestBilodeauLBCUITests.xctest */ = {isa = PBXFileReference; explicitFileType = wrapper.cfbundle; includeInIndex = 0; path = TestBilodeauLBCUITests.xctest; sourceTree = BUILT_PRODUCTS_DIR; };
		65EB6DA8276CFB0E003DF010 /* TestBilodeauLBCUITests.swift */ = {isa = PBXFileReference; lastKnownFileType = sourcecode.swift; path = TestBilodeauLBCUITests.swift; sourceTree = "<group>"; };
		65EB6DAA276CFB0E003DF010 /* TestBilodeauLBCUITestsLaunchTests.swift */ = {isa = PBXFileReference; lastKnownFileType = sourcecode.swift; path = TestBilodeauLBCUITestsLaunchTests.swift; sourceTree = "<group>"; };
		65EB6DC7276D056F003DF010 /* Category.swift */ = {isa = PBXFileReference; fileEncoding = 4; lastKnownFileType = sourcecode.swift; path = Category.swift; sourceTree = "<group>"; };
		65EB6DC8276D056F003DF010 /* Offer.swift */ = {isa = PBXFileReference; fileEncoding = 4; lastKnownFileType = sourcecode.swift; path = Offer.swift; sourceTree = "<group>"; };
		65EB6DCC276D0575003DF010 /* OffersRepository.swift */ = {isa = PBXFileReference; fileEncoding = 4; lastKnownFileType = sourcecode.swift; path = OffersRepository.swift; sourceTree = "<group>"; };
		65EB6DD1276D0C35003DF010 /* ImagesURL.swift */ = {isa = PBXFileReference; lastKnownFileType = sourcecode.swift; path = ImagesURL.swift; sourceTree = "<group>"; };
		65EB6DD3276D10C9003DF010 /* APIClient.swift */ = {isa = PBXFileReference; lastKnownFileType = sourcecode.swift; path = APIClient.swift; sourceTree = "<group>"; };
		65EB6DD5276D145B003DF010 /* Router.swift */ = {isa = PBXFileReference; lastKnownFileType = sourcecode.swift; path = Router.swift; sourceTree = "<group>"; };
		65EB6DD7276D16BC003DF010 /* OffersViewModel.swift */ = {isa = PBXFileReference; lastKnownFileType = sourcecode.swift; path = OffersViewModel.swift; sourceTree = "<group>"; };
		65EB6DD9276D17EB003DF010 /* Dynamic.swift */ = {isa = PBXFileReference; lastKnownFileType = sourcecode.swift; path = Dynamic.swift; sourceTree = "<group>"; };
		65EB6DDB276D1AFA003DF010 /* AppCoordinator.swift */ = {isa = PBXFileReference; lastKnownFileType = sourcecode.swift; path = AppCoordinator.swift; sourceTree = "<group>"; };
		65EB6DDD276D1ED5003DF010 /* OfferDetailsViewController.swift */ = {isa = PBXFileReference; lastKnownFileType = sourcecode.swift; path = OfferDetailsViewController.swift; sourceTree = "<group>"; };
		65EB6DDF276D1EE6003DF010 /* OfferDetailsViewModel.swift */ = {isa = PBXFileReference; lastKnownFileType = sourcecode.swift; path = OfferDetailsViewModel.swift; sourceTree = "<group>"; };
		65EB6DE1276D2515003DF010 /* URLSession+async.swift */ = {isa = PBXFileReference; fileEncoding = 4; lastKnownFileType = sourcecode.swift; path = "URLSession+async.swift"; sourceTree = "<group>"; };
		65EB6DE32770CF20003DF010 /* CategoriesRepository.swift */ = {isa = PBXFileReference; lastKnownFileType = sourcecode.swift; path = CategoriesRepository.swift; sourceTree = "<group>"; };
		65EB6DE52770FECE003DF010 /* OffersViewModelTest.swift */ = {isa = PBXFileReference; lastKnownFileType = sourcecode.swift; path = OffersViewModelTest.swift; sourceTree = "<group>"; };
		65EB6DE72771E560003DF010 /* XCTest+Publisher.swift */ = {isa = PBXFileReference; lastKnownFileType = sourcecode.swift; path = "XCTest+Publisher.swift"; sourceTree = "<group>"; };
		65EB6DE9277267ED003DF010 /* OfferCell.swift */ = {isa = PBXFileReference; lastKnownFileType = sourcecode.swift; path = OfferCell.swift; sourceTree = "<group>"; };
		65EB6DEB27726806003DF010 /* OfferCellData.swift */ = {isa = PBXFileReference; lastKnownFileType = sourcecode.swift; path = OfferCellData.swift; sourceTree = "<group>"; };
/* End PBXFileReference section */

/* Begin PBXFrameworksBuildPhase section */
		65EB6D81276CFB0B003DF010 /* Frameworks */ = {
			isa = PBXFrameworksBuildPhase;
			buildActionMask = 2147483647;
			files = (
			);
			runOnlyForDeploymentPostprocessing = 0;
		};
		65EB6D97276CFB0E003DF010 /* Frameworks */ = {
			isa = PBXFrameworksBuildPhase;
			buildActionMask = 2147483647;
			files = (
			);
			runOnlyForDeploymentPostprocessing = 0;
		};
		65EB6DA1276CFB0E003DF010 /* Frameworks */ = {
			isa = PBXFrameworksBuildPhase;
			buildActionMask = 2147483647;
			files = (
			);
			runOnlyForDeploymentPostprocessing = 0;
		};
/* End PBXFrameworksBuildPhase section */

/* Begin PBXGroup section */
		65EB6D7B276CFB0B003DF010 = {
			isa = PBXGroup;
			children = (
				65EB6D86276CFB0B003DF010 /* TestBilodeauLBC */,
				65EB6D9D276CFB0E003DF010 /* TestBilodeauLBCTests */,
				65EB6DA7276CFB0E003DF010 /* TestBilodeauLBCUITests */,
				65EB6D85276CFB0B003DF010 /* Products */,
			);
			sourceTree = "<group>";
		};
		65EB6D85276CFB0B003DF010 /* Products */ = {
			isa = PBXGroup;
			children = (
				65EB6D84276CFB0B003DF010 /* TestBilodeauLBC.app */,
				65EB6D9A276CFB0E003DF010 /* TestBilodeauLBCTests.xctest */,
				65EB6DA4276CFB0E003DF010 /* TestBilodeauLBCUITests.xctest */,
			);
			name = Products;
			sourceTree = "<group>";
		};
		65EB6D86276CFB0B003DF010 /* TestBilodeauLBC */ = {
			isa = PBXGroup;
			children = (
				65EB6DC2276D0521003DF010 /* Model */,
				65EB6DC1276D051A003DF010 /* Utilities */,
				65EB6DC0276D0512003DF010 /* Services */,
				65EB6D87276CFB0B003DF010 /* AppDelegate.swift */,
				65EB6D89276CFB0B003DF010 /* SceneDelegate.swift */,
				65EB6D8B276CFB0B003DF010 /* OffersViewController.swift */,
				65EB6DD7276D16BC003DF010 /* OffersViewModel.swift */,
				65EB6DDD276D1ED5003DF010 /* OfferDetailsViewController.swift */,
				65EB6DDF276D1EE6003DF010 /* OfferDetailsViewModel.swift */,
				65EB6DDB276D1AFA003DF010 /* AppCoordinator.swift */,
				65EB6D90276CFB0D003DF010 /* Assets.xcassets */,
				65EB6D92276CFB0D003DF010 /* LaunchScreen.storyboard */,
				65EB6D95276CFB0D003DF010 /* Info.plist */,
				65EB6DE9277267ED003DF010 /* OfferCell.swift */,
				65EB6DEB27726806003DF010 /* OfferCellData.swift */,
			);
			path = TestBilodeauLBC;
			sourceTree = "<group>";
		};
		65EB6D9D276CFB0E003DF010 /* TestBilodeauLBCTests */ = {
			isa = PBXGroup;
			children = (
				65EB6DE72771E560003DF010 /* XCTest+Publisher.swift */,
				65EB6DE52770FECE003DF010 /* OffersViewModelTest.swift */,
				65EB6D9E276CFB0E003DF010 /* TestBilodeauLBCTests.swift */,
			);
			path = TestBilodeauLBCTests;
			sourceTree = "<group>";
		};
		65EB6DA7276CFB0E003DF010 /* TestBilodeauLBCUITests */ = {
			isa = PBXGroup;
			children = (
				65EB6DA8276CFB0E003DF010 /* TestBilodeauLBCUITests.swift */,
				65EB6DAA276CFB0E003DF010 /* TestBilodeauLBCUITestsLaunchTests.swift */,
			);
			path = TestBilodeauLBCUITests;
			sourceTree = "<group>";
		};
		65EB6DC0276D0512003DF010 /* Services */ = {
			isa = PBXGroup;
			children = (
				65EB6DCC276D0575003DF010 /* OffersRepository.swift */,
				65EB6DE32770CF20003DF010 /* CategoriesRepository.swift */,
				65EB6DD5276D145B003DF010 /* Router.swift */,
				65EB6DD3276D10C9003DF010 /* APIClient.swift */,
			);
			path = Services;
			sourceTree = "<group>";
		};
		65EB6DC1276D051A003DF010 /* Utilities */ = {
			isa = PBXGroup;
			children = (
				65EB6DE1276D2515003DF010 /* URLSession+async.swift */,
				65EB6DD9276D17EB003DF010 /* Dynamic.swift */,
			);
			path = Utilities;
			sourceTree = "<group>";
		};
		65EB6DC2276D0521003DF010 /* Model */ = {
			isa = PBXGroup;
			children = (
				65EB6DC7276D056F003DF010 /* Category.swift */,
				65EB6DC8276D056F003DF010 /* Offer.swift */,
				65EB6DD1276D0C35003DF010 /* ImagesURL.swift */,
			);
			path = Model;
			sourceTree = "<group>";
		};
/* End PBXGroup section */

/* Begin PBXNativeTarget section */
		65EB6D83276CFB0B003DF010 /* TestBilodeauLBC */ = {
			isa = PBXNativeTarget;
			buildConfigurationList = 65EB6DAE276CFB0E003DF010 /* Build configuration list for PBXNativeTarget "TestBilodeauLBC" */;
			buildPhases = (
				65EB6D80276CFB0B003DF010 /* Sources */,
				65EB6D81276CFB0B003DF010 /* Frameworks */,
				65EB6D82276CFB0B003DF010 /* Resources */,
			);
			buildRules = (
			);
			dependencies = (
			);
			name = TestBilodeauLBC;
			productName = TestBilodeauLBC;
			productReference = 65EB6D84276CFB0B003DF010 /* TestBilodeauLBC.app */;
			productType = "com.apple.product-type.application";
		};
		65EB6D99276CFB0E003DF010 /* TestBilodeauLBCTests */ = {
			isa = PBXNativeTarget;
			buildConfigurationList = 65EB6DB1276CFB0E003DF010 /* Build configuration list for PBXNativeTarget "TestBilodeauLBCTests" */;
			buildPhases = (
				65EB6D96276CFB0E003DF010 /* Sources */,
				65EB6D97276CFB0E003DF010 /* Frameworks */,
				65EB6D98276CFB0E003DF010 /* Resources */,
			);
			buildRules = (
			);
			dependencies = (
				65EB6D9C276CFB0E003DF010 /* PBXTargetDependency */,
			);
			name = TestBilodeauLBCTests;
			productName = TestBilodeauLBCTests;
			productReference = 65EB6D9A276CFB0E003DF010 /* TestBilodeauLBCTests.xctest */;
			productType = "com.apple.product-type.bundle.unit-test";
		};
		65EB6DA3276CFB0E003DF010 /* TestBilodeauLBCUITests */ = {
			isa = PBXNativeTarget;
			buildConfigurationList = 65EB6DB4276CFB0E003DF010 /* Build configuration list for PBXNativeTarget "TestBilodeauLBCUITests" */;
			buildPhases = (
				65EB6DA0276CFB0E003DF010 /* Sources */,
				65EB6DA1276CFB0E003DF010 /* Frameworks */,
				65EB6DA2276CFB0E003DF010 /* Resources */,
			);
			buildRules = (
			);
			dependencies = (
				65EB6DA6276CFB0E003DF010 /* PBXTargetDependency */,
			);
			name = TestBilodeauLBCUITests;
			productName = TestBilodeauLBCUITests;
			productReference = 65EB6DA4276CFB0E003DF010 /* TestBilodeauLBCUITests.xctest */;
			productType = "com.apple.product-type.bundle.ui-testing";
		};
/* End PBXNativeTarget section */

/* Begin PBXProject section */
		65EB6D7C276CFB0B003DF010 /* Project object */ = {
			isa = PBXProject;
			attributes = {
				BuildIndependentTargetsInParallel = 1;
				LastSwiftUpdateCheck = 1300;
				LastUpgradeCheck = 1300;
				TargetAttributes = {
					65EB6D83276CFB0B003DF010 = {
						CreatedOnToolsVersion = 13.0;
					};
					65EB6D99276CFB0E003DF010 = {
						CreatedOnToolsVersion = 13.0;
						TestTargetID = 65EB6D83276CFB0B003DF010;
					};
					65EB6DA3276CFB0E003DF010 = {
						CreatedOnToolsVersion = 13.0;
						TestTargetID = 65EB6D83276CFB0B003DF010;
					};
				};
			};
			buildConfigurationList = 65EB6D7F276CFB0B003DF010 /* Build configuration list for PBXProject "TestBilodeauLBC" */;
			compatibilityVersion = "Xcode 13.0";
			developmentRegion = en;
			hasScannedForEncodings = 0;
			knownRegions = (
				en,
				Base,
			);
			mainGroup = 65EB6D7B276CFB0B003DF010;
			productRefGroup = 65EB6D85276CFB0B003DF010 /* Products */;
			projectDirPath = "";
			projectRoot = "";
			targets = (
				65EB6D83276CFB0B003DF010 /* TestBilodeauLBC */,
				65EB6D99276CFB0E003DF010 /* TestBilodeauLBCTests */,
				65EB6DA3276CFB0E003DF010 /* TestBilodeauLBCUITests */,
			);
		};
/* End PBXProject section */

/* Begin PBXResourcesBuildPhase section */
		65EB6D82276CFB0B003DF010 /* Resources */ = {
			isa = PBXResourcesBuildPhase;
			buildActionMask = 2147483647;
			files = (
				65EB6D94276CFB0D003DF010 /* LaunchScreen.storyboard in Resources */,
				65EB6D91276CFB0D003DF010 /* Assets.xcassets in Resources */,
			);
			runOnlyForDeploymentPostprocessing = 0;
		};
		65EB6D98276CFB0E003DF010 /* Resources */ = {
			isa = PBXResourcesBuildPhase;
			buildActionMask = 2147483647;
			files = (
			);
			runOnlyForDeploymentPostprocessing = 0;
		};
		65EB6DA2276CFB0E003DF010 /* Resources */ = {
			isa = PBXResourcesBuildPhase;
			buildActionMask = 2147483647;
			files = (
			);
			runOnlyForDeploymentPostprocessing = 0;
		};
/* End PBXResourcesBuildPhase section */

/* Begin PBXSourcesBuildPhase section */
		65EB6D80276CFB0B003DF010 /* Sources */ = {
			isa = PBXSourcesBuildPhase;
			buildActionMask = 2147483647;
			files = (
				65EB6DEC27726806003DF010 /* OfferCellData.swift in Sources */,
				65EB6DD6276D145B003DF010 /* Router.swift in Sources */,
				65EB6DE2276D2515003DF010 /* URLSession+async.swift in Sources */,
				65EB6DD2276D0C35003DF010 /* ImagesURL.swift in Sources */,
				65EB6DDC276D1AFA003DF010 /* AppCoordinator.swift in Sources */,
				65EB6D8C276CFB0B003DF010 /* OffersViewController.swift in Sources */,
				65EB6DDE276D1ED5003DF010 /* OfferDetailsViewController.swift in Sources */,
				65EB6DD4276D10C9003DF010 /* APIClient.swift in Sources */,
				65EB6D88276CFB0B003DF010 /* AppDelegate.swift in Sources */,
				65EB6DD8276D16BC003DF010 /* OffersViewModel.swift in Sources */,
				65EB6DE42770CF20003DF010 /* CategoriesRepository.swift in Sources */,
				65EB6DE0276D1EE6003DF010 /* OfferDetailsViewModel.swift in Sources */,
				65EB6DEA277267EE003DF010 /* OfferCell.swift in Sources */,
				65EB6DCE276D0576003DF010 /* OffersRepository.swift in Sources */,
				65EB6D8A276CFB0B003DF010 /* SceneDelegate.swift in Sources */,
				65EB6DDA276D17EB003DF010 /* Dynamic.swift in Sources */,
				65EB6DC9276D056F003DF010 /* Category.swift in Sources */,
				65EB6DCA276D056F003DF010 /* Offer.swift in Sources */,
			);
			runOnlyForDeploymentPostprocessing = 0;
		};
		65EB6D96276CFB0E003DF010 /* Sources */ = {
			isa = PBXSourcesBuildPhase;
			buildActionMask = 2147483647;
			files = (
				65EB6DE82771E560003DF010 /* XCTest+Publisher.swift in Sources */,
				65EB6D9F276CFB0E003DF010 /* TestBilodeauLBCTests.swift in Sources */,
				65EB6DE62770FECE003DF010 /* OffersViewModelTest.swift in Sources */,
			);
			runOnlyForDeploymentPostprocessing = 0;
		};
		65EB6DA0276CFB0E003DF010 /* Sources */ = {
			isa = PBXSourcesBuildPhase;
			buildActionMask = 2147483647;
			files = (
				65EB6DA9276CFB0E003DF010 /* TestBilodeauLBCUITests.swift in Sources */,
				65EB6DAB276CFB0E003DF010 /* TestBilodeauLBCUITestsLaunchTests.swift in Sources */,
			);
			runOnlyForDeploymentPostprocessing = 0;
		};
/* End PBXSourcesBuildPhase section */

/* Begin PBXTargetDependency section */
		65EB6D9C276CFB0E003DF010 /* PBXTargetDependency */ = {
			isa = PBXTargetDependency;
			target = 65EB6D83276CFB0B003DF010 /* TestBilodeauLBC */;
			targetProxy = 65EB6D9B276CFB0E003DF010 /* PBXContainerItemProxy */;
		};
		65EB6DA6276CFB0E003DF010 /* PBXTargetDependency */ = {
			isa = PBXTargetDependency;
			target = 65EB6D83276CFB0B003DF010 /* TestBilodeauLBC */;
			targetProxy = 65EB6DA5276CFB0E003DF010 /* PBXContainerItemProxy */;
		};
/* End PBXTargetDependency section */

/* Begin PBXVariantGroup section */
		65EB6D92276CFB0D003DF010 /* LaunchScreen.storyboard */ = {
			isa = PBXVariantGroup;
			children = (
				65EB6D93276CFB0D003DF010 /* Base */,
			);
			name = LaunchScreen.storyboard;
			sourceTree = "<group>";
		};
/* End PBXVariantGroup section */

/* Begin XCBuildConfiguration section */
		65EB6DAC276CFB0E003DF010 /* Debug */ = {
			isa = XCBuildConfiguration;
			buildSettings = {
				ALWAYS_SEARCH_USER_PATHS = NO;
				CLANG_ANALYZER_NONNULL = YES;
				CLANG_ANALYZER_NUMBER_OBJECT_CONVERSION = YES_AGGRESSIVE;
				CLANG_CXX_LANGUAGE_STANDARD = "gnu++17";
				CLANG_CXX_LIBRARY = "libc++";
				CLANG_ENABLE_MODULES = YES;
				CLANG_ENABLE_OBJC_ARC = YES;
				CLANG_ENABLE_OBJC_WEAK = YES;
				CLANG_WARN_BLOCK_CAPTURE_AUTORELEASING = YES;
				CLANG_WARN_BOOL_CONVERSION = YES;
				CLANG_WARN_COMMA = YES;
				CLANG_WARN_CONSTANT_CONVERSION = YES;
				CLANG_WARN_DEPRECATED_OBJC_IMPLEMENTATIONS = YES;
				CLANG_WARN_DIRECT_OBJC_ISA_USAGE = YES_ERROR;
				CLANG_WARN_DOCUMENTATION_COMMENTS = YES;
				CLANG_WARN_EMPTY_BODY = YES;
				CLANG_WARN_ENUM_CONVERSION = YES;
				CLANG_WARN_INFINITE_RECURSION = YES;
				CLANG_WARN_INT_CONVERSION = YES;
				CLANG_WARN_NON_LITERAL_NULL_CONVERSION = YES;
				CLANG_WARN_OBJC_IMPLICIT_RETAIN_SELF = YES;
				CLANG_WARN_OBJC_LITERAL_CONVERSION = YES;
				CLANG_WARN_OBJC_ROOT_CLASS = YES_ERROR;
				CLANG_WARN_QUOTED_INCLUDE_IN_FRAMEWORK_HEADER = YES;
				CLANG_WARN_RANGE_LOOP_ANALYSIS = YES;
				CLANG_WARN_STRICT_PROTOTYPES = YES;
				CLANG_WARN_SUSPICIOUS_MOVE = YES;
				CLANG_WARN_UNGUARDED_AVAILABILITY = YES_AGGRESSIVE;
				CLANG_WARN_UNREACHABLE_CODE = YES;
				CLANG_WARN__DUPLICATE_METHOD_MATCH = YES;
				COPY_PHASE_STRIP = NO;
				DEBUG_INFORMATION_FORMAT = dwarf;
				ENABLE_STRICT_OBJC_MSGSEND = YES;
				ENABLE_TESTABILITY = YES;
				GCC_C_LANGUAGE_STANDARD = gnu11;
				GCC_DYNAMIC_NO_PIC = NO;
				GCC_NO_COMMON_BLOCKS = YES;
				GCC_OPTIMIZATION_LEVEL = 0;
				GCC_PREPROCESSOR_DEFINITIONS = (
					"DEBUG=1",
					"$(inherited)",
				);
				GCC_WARN_64_TO_32_BIT_CONVERSION = YES;
				GCC_WARN_ABOUT_RETURN_TYPE = YES_ERROR;
				GCC_WARN_UNDECLARED_SELECTOR = YES;
				GCC_WARN_UNINITIALIZED_AUTOS = YES_AGGRESSIVE;
				GCC_WARN_UNUSED_FUNCTION = YES;
				GCC_WARN_UNUSED_VARIABLE = YES;
				IPHONEOS_DEPLOYMENT_TARGET = 14.0;
				MTL_ENABLE_DEBUG_INFO = INCLUDE_SOURCE;
				MTL_FAST_MATH = YES;
				ONLY_ACTIVE_ARCH = YES;
				SDKROOT = iphoneos;
				SWIFT_ACTIVE_COMPILATION_CONDITIONS = DEBUG;
				SWIFT_OPTIMIZATION_LEVEL = "-Onone";
			};
			name = Debug;
		};
		65EB6DAD276CFB0E003DF010 /* Release */ = {
			isa = XCBuildConfiguration;
			buildSettings = {
				ALWAYS_SEARCH_USER_PATHS = NO;
				CLANG_ANALYZER_NONNULL = YES;
				CLANG_ANALYZER_NUMBER_OBJECT_CONVERSION = YES_AGGRESSIVE;
				CLANG_CXX_LANGUAGE_STANDARD = "gnu++17";
				CLANG_CXX_LIBRARY = "libc++";
				CLANG_ENABLE_MODULES = YES;
				CLANG_ENABLE_OBJC_ARC = YES;
				CLANG_ENABLE_OBJC_WEAK = YES;
				CLANG_WARN_BLOCK_CAPTURE_AUTORELEASING = YES;
				CLANG_WARN_BOOL_CONVERSION = YES;
				CLANG_WARN_COMMA = YES;
				CLANG_WARN_CONSTANT_CONVERSION = YES;
				CLANG_WARN_DEPRECATED_OBJC_IMPLEMENTATIONS = YES;
				CLANG_WARN_DIRECT_OBJC_ISA_USAGE = YES_ERROR;
				CLANG_WARN_DOCUMENTATION_COMMENTS = YES;
				CLANG_WARN_EMPTY_BODY = YES;
				CLANG_WARN_ENUM_CONVERSION = YES;
				CLANG_WARN_INFINITE_RECURSION = YES;
				CLANG_WARN_INT_CONVERSION = YES;
				CLANG_WARN_NON_LITERAL_NULL_CONVERSION = YES;
				CLANG_WARN_OBJC_IMPLICIT_RETAIN_SELF = YES;
				CLANG_WARN_OBJC_LITERAL_CONVERSION = YES;
				CLANG_WARN_OBJC_ROOT_CLASS = YES_ERROR;
				CLANG_WARN_QUOTED_INCLUDE_IN_FRAMEWORK_HEADER = YES;
				CLANG_WARN_RANGE_LOOP_ANALYSIS = YES;
				CLANG_WARN_STRICT_PROTOTYPES = YES;
				CLANG_WARN_SUSPICIOUS_MOVE = YES;
				CLANG_WARN_UNGUARDED_AVAILABILITY = YES_AGGRESSIVE;
				CLANG_WARN_UNREACHABLE_CODE = YES;
				CLANG_WARN__DUPLICATE_METHOD_MATCH = YES;
				COPY_PHASE_STRIP = NO;
				DEBUG_INFORMATION_FORMAT = "dwarf-with-dsym";
				ENABLE_NS_ASSERTIONS = NO;
				ENABLE_STRICT_OBJC_MSGSEND = YES;
				GCC_C_LANGUAGE_STANDARD = gnu11;
				GCC_NO_COMMON_BLOCKS = YES;
				GCC_WARN_64_TO_32_BIT_CONVERSION = YES;
				GCC_WARN_ABOUT_RETURN_TYPE = YES_ERROR;
				GCC_WARN_UNDECLARED_SELECTOR = YES;
				GCC_WARN_UNINITIALIZED_AUTOS = YES_AGGRESSIVE;
				GCC_WARN_UNUSED_FUNCTION = YES;
				GCC_WARN_UNUSED_VARIABLE = YES;
				IPHONEOS_DEPLOYMENT_TARGET = 14.0;
				MTL_ENABLE_DEBUG_INFO = NO;
				MTL_FAST_MATH = YES;
				SDKROOT = iphoneos;
				SWIFT_COMPILATION_MODE = wholemodule;
				SWIFT_OPTIMIZATION_LEVEL = "-O";
				VALIDATE_PRODUCT = YES;
			};
			name = Release;
		};
		65EB6DAF276CFB0E003DF010 /* Debug */ = {
			isa = XCBuildConfiguration;
			buildSettings = {
				ASSETCATALOG_COMPILER_APPICON_NAME = AppIcon;
				ASSETCATALOG_COMPILER_GLOBAL_ACCENT_COLOR_NAME = AccentColor;
				CODE_SIGN_STYLE = Automatic;
				CURRENT_PROJECT_VERSION = 1;
				DEVELOPMENT_TEAM = M4S5UFSR3N;
				GENERATE_INFOPLIST_FILE = YES;
				INFOPLIST_FILE = TestBilodeauLBC/Info.plist;
				INFOPLIST_KEY_UIApplicationSupportsIndirectInputEvents = YES;
				INFOPLIST_KEY_UILaunchStoryboardName = LaunchScreen;
				INFOPLIST_KEY_UIMainStoryboardFile = Main;
				INFOPLIST_KEY_UISupportedInterfaceOrientations_iPad = "UIInterfaceOrientationPortrait UIInterfaceOrientationPortraitUpsideDown UIInterfaceOrientationLandscapeLeft UIInterfaceOrientationLandscapeRight";
				INFOPLIST_KEY_UISupportedInterfaceOrientations_iPhone = "UIInterfaceOrientationPortrait UIInterfaceOrientationLandscapeLeft UIInterfaceOrientationLandscapeRight";
				LD_RUNPATH_SEARCH_PATHS = (
					"$(inherited)",
					"@executable_path/Frameworks",
				);
				MARKETING_VERSION = 1.0;
				PRODUCT_BUNDLE_IDENTIFIER = com.timothee.TestBilodeauLBC;
				PRODUCT_NAME = "$(TARGET_NAME)";
				SWIFT_EMIT_LOC_STRINGS = YES;
				SWIFT_VERSION = 5.0;
				TARGETED_DEVICE_FAMILY = "1,2";
			};
			name = Debug;
		};
		65EB6DB0276CFB0E003DF010 /* Release */ = {
			isa = XCBuildConfiguration;
			buildSettings = {
				ASSETCATALOG_COMPILER_APPICON_NAME = AppIcon;
				ASSETCATALOG_COMPILER_GLOBAL_ACCENT_COLOR_NAME = AccentColor;
				CODE_SIGN_STYLE = Automatic;
				CURRENT_PROJECT_VERSION = 1;
				DEVELOPMENT_TEAM = M4S5UFSR3N;
				GENERATE_INFOPLIST_FILE = YES;
				INFOPLIST_FILE = TestBilodeauLBC/Info.plist;
				INFOPLIST_KEY_UIApplicationSupportsIndirectInputEvents = YES;
				INFOPLIST_KEY_UILaunchStoryboardName = LaunchScreen;
				INFOPLIST_KEY_UIMainStoryboardFile = Main;
				INFOPLIST_KEY_UISupportedInterfaceOrientations_iPad = "UIInterfaceOrientationPortrait UIInterfaceOrientationPortraitUpsideDown UIInterfaceOrientationLandscapeLeft UIInterfaceOrientationLandscapeRight";
				INFOPLIST_KEY_UISupportedInterfaceOrientations_iPhone = "UIInterfaceOrientationPortrait UIInterfaceOrientationLandscapeLeft UIInterfaceOrientationLandscapeRight";
				LD_RUNPATH_SEARCH_PATHS = (
					"$(inherited)",
					"@executable_path/Frameworks",
				);
				MARKETING_VERSION = 1.0;
				PRODUCT_BUNDLE_IDENTIFIER = com.timothee.TestBilodeauLBC;
				PRODUCT_NAME = "$(TARGET_NAME)";
				SWIFT_EMIT_LOC_STRINGS = YES;
				SWIFT_VERSION = 5.0;
				TARGETED_DEVICE_FAMILY = "1,2";
			};
			name = Release;
		};
		65EB6DB2276CFB0E003DF010 /* Debug */ = {
			isa = XCBuildConfiguration;
			buildSettings = {
				ALWAYS_EMBED_SWIFT_STANDARD_LIBRARIES = YES;
				BUNDLE_LOADER = "$(TEST_HOST)";
				CODE_SIGN_STYLE = Automatic;
				CURRENT_PROJECT_VERSION = 1;
				DEVELOPMENT_TEAM = M4S5UFSR3N;
				GENERATE_INFOPLIST_FILE = YES;
				IPHONEOS_DEPLOYMENT_TARGET = 15.0;
				LD_RUNPATH_SEARCH_PATHS = (
					"$(inherited)",
					"@executable_path/Frameworks",
					"@loader_path/Frameworks",
				);
				MARKETING_VERSION = 1.0;
				PRODUCT_BUNDLE_IDENTIFIER = com.timothee.TestBilodeauLBCTests;
				PRODUCT_NAME = "$(TARGET_NAME)";
				SWIFT_EMIT_LOC_STRINGS = NO;
				SWIFT_VERSION = 5.0;
				TARGETED_DEVICE_FAMILY = "1,2";
				TEST_HOST = "$(BUILT_PRODUCTS_DIR)/TestBilodeauLBC.app/TestBilodeauLBC";
			};
			name = Debug;
		};
		65EB6DB3276CFB0E003DF010 /* Release */ = {
			isa = XCBuildConfiguration;
			buildSettings = {
				ALWAYS_EMBED_SWIFT_STANDARD_LIBRARIES = YES;
				BUNDLE_LOADER = "$(TEST_HOST)";
				CODE_SIGN_STYLE = Automatic;
				CURRENT_PROJECT_VERSION = 1;
				DEVELOPMENT_TEAM = M4S5UFSR3N;
				GENERATE_INFOPLIST_FILE = YES;
				IPHONEOS_DEPLOYMENT_TARGET = 15.0;
				LD_RUNPATH_SEARCH_PATHS = (
					"$(inherited)",
					"@executable_path/Frameworks",
					"@loader_path/Frameworks",
				);
				MARKETING_VERSION = 1.0;
				PRODUCT_BUNDLE_IDENTIFIER = com.timothee.TestBilodeauLBCTests;
				PRODUCT_NAME = "$(TARGET_NAME)";
				SWIFT_EMIT_LOC_STRINGS = NO;
				SWIFT_VERSION = 5.0;
				TARGETED_DEVICE_FAMILY = "1,2";
				TEST_HOST = "$(BUILT_PRODUCTS_DIR)/TestBilodeauLBC.app/TestBilodeauLBC";
			};
			name = Release;
		};
		65EB6DB5276CFB0E003DF010 /* Debug */ = {
			isa = XCBuildConfiguration;
			buildSettings = {
				ALWAYS_EMBED_SWIFT_STANDARD_LIBRARIES = YES;
				CODE_SIGN_STYLE = Automatic;
				CURRENT_PROJECT_VERSION = 1;
				DEVELOPMENT_TEAM = M4S5UFSR3N;
				GENERATE_INFOPLIST_FILE = YES;
				LD_RUNPATH_SEARCH_PATHS = (
					"$(inherited)",
					"@executable_path/Frameworks",
					"@loader_path/Frameworks",
				);
				MARKETING_VERSION = 1.0;
				PRODUCT_BUNDLE_IDENTIFIER = com.timothee.TestBilodeauLBCUITests;
				PRODUCT_NAME = "$(TARGET_NAME)";
				SWIFT_EMIT_LOC_STRINGS = NO;
				SWIFT_VERSION = 5.0;
				TARGETED_DEVICE_FAMILY = "1,2";
				TEST_TARGET_NAME = TestBilodeauLBC;
			};
			name = Debug;
		};
		65EB6DB6276CFB0E003DF010 /* Release */ = {
			isa = XCBuildConfiguration;
			buildSettings = {
				ALWAYS_EMBED_SWIFT_STANDARD_LIBRARIES = YES;
				CODE_SIGN_STYLE = Automatic;
				CURRENT_PROJECT_VERSION = 1;
				DEVELOPMENT_TEAM = M4S5UFSR3N;
				GENERATE_INFOPLIST_FILE = YES;
				LD_RUNPATH_SEARCH_PATHS = (
					"$(inherited)",
					"@executable_path/Frameworks",
					"@loader_path/Frameworks",
				);
				MARKETING_VERSION = 1.0;
				PRODUCT_BUNDLE_IDENTIFIER = com.timothee.TestBilodeauLBCUITests;
				PRODUCT_NAME = "$(TARGET_NAME)";
				SWIFT_EMIT_LOC_STRINGS = NO;
				SWIFT_VERSION = 5.0;
				TARGETED_DEVICE_FAMILY = "1,2";
				TEST_TARGET_NAME = TestBilodeauLBC;
			};
			name = Release;
		};
/* End XCBuildConfiguration section */

/* Begin XCConfigurationList section */
		65EB6D7F276CFB0B003DF010 /* Build configuration list for PBXProject "TestBilodeauLBC" */ = {
			isa = XCConfigurationList;
			buildConfigurations = (
				65EB6DAC276CFB0E003DF010 /* Debug */,
				65EB6DAD276CFB0E003DF010 /* Release */,
			);
			defaultConfigurationIsVisible = 0;
			defaultConfigurationName = Release;
		};
		65EB6DAE276CFB0E003DF010 /* Build configuration list for PBXNativeTarget "TestBilodeauLBC" */ = {
			isa = XCConfigurationList;
			buildConfigurations = (
				65EB6DAF276CFB0E003DF010 /* Debug */,
				65EB6DB0276CFB0E003DF010 /* Release */,
			);
			defaultConfigurationIsVisible = 0;
			defaultConfigurationName = Release;
		};
		65EB6DB1276CFB0E003DF010 /* Build configuration list for PBXNativeTarget "TestBilodeauLBCTests" */ = {
			isa = XCConfigurationList;
			buildConfigurations = (
				65EB6DB2276CFB0E003DF010 /* Debug */,
				65EB6DB3276CFB0E003DF010 /* Release */,
			);
			defaultConfigurationIsVisible = 0;
			defaultConfigurationName = Release;
		};
		65EB6DB4276CFB0E003DF010 /* Build configuration list for PBXNativeTarget "TestBilodeauLBCUITests" */ = {
			isa = XCConfigurationList;
			buildConfigurations = (
				65EB6DB5276CFB0E003DF010 /* Debug */,
				65EB6DB6276CFB0E003DF010 /* Release */,
			);
			defaultConfigurationIsVisible = 0;
			defaultConfigurationName = Release;
		};
/* End XCConfigurationList section */
	};
	rootObject = 65EB6D7C276CFB0B003DF010 /* Project object */;
}
